// !$*UTF8*$!
{
	archiveVersion = 1;
	classes = {
	};
	objectVersion = 46;
	objects = {

/* Begin PBXBuildFile section */
		BB8A0A751A97804700E278A0 /* AppDelegate.swift in Sources */ = {isa = PBXBuildFile; fileRef = BB8A0A741A97804700E278A0 /* AppDelegate.swift */; };
		BB8A0A771A97804700E278A0 /* ViewController.swift in Sources */ = {isa = PBXBuildFile; fileRef = BB8A0A761A97804700E278A0 /* ViewController.swift */; };
		BB8A0A7A1A97804700E278A0 /* Main.storyboard in Resources */ = {isa = PBXBuildFile; fileRef = BB8A0A781A97804700E278A0 /* Main.storyboard */; };
		BB8A0A7C1A97804700E278A0 /* Images.xcassets in Resources */ = {isa = PBXBuildFile; fileRef = BB8A0A7B1A97804700E278A0 /* Images.xcassets */; };
		BB8A0A7F1A97804700E278A0 /* LaunchScreen.xib in Resources */ = {isa = PBXBuildFile; fileRef = BB8A0A7D1A97804700E278A0 /* LaunchScreen.xib */; };
		BB8A0A8B1A97804700E278A0 /* RRTagControllerTests.swift in Sources */ = {isa = PBXBuildFile; fileRef = BB8A0A8A1A97804700E278A0 /* RRTagControllerTests.swift */; };
		BB8A0A951A97806300E278A0 /* RRTagController.swift in Sources */ = {isa = PBXBuildFile; fileRef = BB8A0A941A97806300E278A0 /* RRTagController.swift */; };
		BB8A0A971A9785DE00E278A0 /* RRTagCollectionViewCell.swift in Sources */ = {isa = PBXBuildFile; fileRef = BB8A0A961A9785DE00E278A0 /* RRTagCollectionViewCell.swift */; };
		BB8A0A991A97E99C00E278A0 /* RRAddTagView.swift in Sources */ = {isa = PBXBuildFile; fileRef = BB8A0A981A97E99C00E278A0 /* RRAddTagView.swift */; };
/* End PBXBuildFile section */

/* Begin PBXContainerItemProxy section */
		BB8A0A851A97804700E278A0 /* PBXContainerItemProxy */ = {
			isa = PBXContainerItemProxy;
			containerPortal = BB8A0A671A97804600E278A0 /* Project object */;
			proxyType = 1;
			remoteGlobalIDString = BB8A0A6E1A97804600E278A0;
			remoteInfo = RRTagController;
		};
/* End PBXContainerItemProxy section */

/* Begin PBXFileReference section */
		BB8A0A6F1A97804700E278A0 /* RRTagController.app */ = {isa = PBXFileReference; explicitFileType = wrapper.application; includeInIndex = 0; path = RRTagController.app; sourceTree = BUILT_PRODUCTS_DIR; };
		BB8A0A731A97804700E278A0 /* Info.plist */ = {isa = PBXFileReference; lastKnownFileType = text.plist.xml; path = Info.plist; sourceTree = "<group>"; };
		BB8A0A741A97804700E278A0 /* AppDelegate.swift */ = {isa = PBXFileReference; lastKnownFileType = sourcecode.swift; path = AppDelegate.swift; sourceTree = "<group>"; };
		BB8A0A761A97804700E278A0 /* ViewController.swift */ = {isa = PBXFileReference; lastKnownFileType = sourcecode.swift; path = ViewController.swift; sourceTree = "<group>"; };
		BB8A0A791A97804700E278A0 /* Base */ = {isa = PBXFileReference; lastKnownFileType = file.storyboard; name = Base; path = Base.lproj/Main.storyboard; sourceTree = "<group>"; };
		BB8A0A7B1A97804700E278A0 /* Images.xcassets */ = {isa = PBXFileReference; lastKnownFileType = folder.assetcatalog; path = Images.xcassets; sourceTree = "<group>"; };
		BB8A0A7E1A97804700E278A0 /* Base */ = {isa = PBXFileReference; lastKnownFileType = file.xib; name = Base; path = Base.lproj/LaunchScreen.xib; sourceTree = "<group>"; };
		BB8A0A841A97804700E278A0 /* RRTagControllerTests.xctest */ = {isa = PBXFileReference; explicitFileType = wrapper.cfbundle; includeInIndex = 0; path = RRTagControllerTests.xctest; sourceTree = BUILT_PRODUCTS_DIR; };
		BB8A0A891A97804700E278A0 /* Info.plist */ = {isa = PBXFileReference; lastKnownFileType = text.plist.xml; path = Info.plist; sourceTree = "<group>"; };
		BB8A0A8A1A97804700E278A0 /* RRTagControllerTests.swift */ = {isa = PBXFileReference; lastKnownFileType = sourcecode.swift; path = RRTagControllerTests.swift; sourceTree = "<group>"; };
		BB8A0A941A97806300E278A0 /* RRTagController.swift */ = {isa = PBXFileReference; fileEncoding = 4; lastKnownFileType = sourcecode.swift; path = RRTagController.swift; sourceTree = "<group>"; };
		BB8A0A961A9785DE00E278A0 /* RRTagCollectionViewCell.swift */ = {isa = PBXFileReference; fileEncoding = 4; lastKnownFileType = sourcecode.swift; path = RRTagCollectionViewCell.swift; sourceTree = "<group>"; };
		BB8A0A981A97E99C00E278A0 /* RRAddTagView.swift */ = {isa = PBXFileReference; fileEncoding = 4; lastKnownFileType = sourcecode.swift; path = RRAddTagView.swift; sourceTree = "<group>"; };
/* End PBXFileReference section */

/* Begin PBXFrameworksBuildPhase section */
		BB8A0A6C1A97804600E278A0 /* Frameworks */ = {
			isa = PBXFrameworksBuildPhase;
			buildActionMask = 2147483647;
			files = (
			);
			runOnlyForDeploymentPostprocessing = 0;
		};
		BB8A0A811A97804700E278A0 /* Frameworks */ = {
			isa = PBXFrameworksBuildPhase;
			buildActionMask = 2147483647;
			files = (
			);
			runOnlyForDeploymentPostprocessing = 0;
		};
/* End PBXFrameworksBuildPhase section */

/* Begin PBXGroup section */
		BB8A0A661A97804600E278A0 = {
			isa = PBXGroup;
			children = (
				BB8A0A711A97804700E278A0 /* RRTagController */,
				BB8A0A871A97804700E278A0 /* RRTagControllerTests */,
				BB8A0A701A97804700E278A0 /* Products */,
			);
			sourceTree = "<group>";
		};
		BB8A0A701A97804700E278A0 /* Products */ = {
			isa = PBXGroup;
			children = (
				BB8A0A6F1A97804700E278A0 /* RRTagController.app */,
				BB8A0A841A97804700E278A0 /* RRTagControllerTests.xctest */,
			);
			name = Products;
			sourceTree = "<group>";
		};
		BB8A0A711A97804700E278A0 /* RRTagController */ = {
			isa = PBXGroup;
			children = (
				BB8A0A741A97804700E278A0 /* AppDelegate.swift */,
				BB8A0A761A97804700E278A0 /* ViewController.swift */,
				BB8A0A941A97806300E278A0 /* RRTagController.swift */,
				BB8A0A981A97E99C00E278A0 /* RRAddTagView.swift */,
				BB8A0A961A9785DE00E278A0 /* RRTagCollectionViewCell.swift */,
				BB8A0A781A97804700E278A0 /* Main.storyboard */,
				BB8A0A7B1A97804700E278A0 /* Images.xcassets */,
				BB8A0A7D1A97804700E278A0 /* LaunchScreen.xib */,
				BB8A0A721A97804700E278A0 /* Supporting Files */,
			);
			path = RRTagController;
			sourceTree = "<group>";
		};
		BB8A0A721A97804700E278A0 /* Supporting Files */ = {
			isa = PBXGroup;
			children = (
				BB8A0A731A97804700E278A0 /* Info.plist */,
			);
			name = "Supporting Files";
			sourceTree = "<group>";
		};
		BB8A0A871A97804700E278A0 /* RRTagControllerTests */ = {
			isa = PBXGroup;
			children = (
				BB8A0A8A1A97804700E278A0 /* RRTagControllerTests.swift */,
				BB8A0A881A97804700E278A0 /* Supporting Files */,
			);
			path = RRTagControllerTests;
			sourceTree = "<group>";
		};
		BB8A0A881A97804700E278A0 /* Supporting Files */ = {
			isa = PBXGroup;
			children = (
				BB8A0A891A97804700E278A0 /* Info.plist */,
			);
			name = "Supporting Files";
			sourceTree = "<group>";
		};
/* End PBXGroup section */

/* Begin PBXNativeTarget section */
		BB8A0A6E1A97804600E278A0 /* RRTagController */ = {
			isa = PBXNativeTarget;
			buildConfigurationList = BB8A0A8E1A97804700E278A0 /* Build configuration list for PBXNativeTarget "RRTagController" */;
			buildPhases = (
				BB8A0A6B1A97804600E278A0 /* Sources */,
				BB8A0A6C1A97804600E278A0 /* Frameworks */,
				BB8A0A6D1A97804600E278A0 /* Resources */,
			);
			buildRules = (
			);
			dependencies = (
			);
			name = RRTagController;
			productName = RRTagController;
			productReference = BB8A0A6F1A97804700E278A0 /* RRTagController.app */;
			productType = "com.apple.product-type.application";
		};
		BB8A0A831A97804700E278A0 /* RRTagControllerTests */ = {
			isa = PBXNativeTarget;
			buildConfigurationList = BB8A0A911A97804700E278A0 /* Build configuration list for PBXNativeTarget "RRTagControllerTests" */;
			buildPhases = (
				BB8A0A801A97804700E278A0 /* Sources */,
				BB8A0A811A97804700E278A0 /* Frameworks */,
				BB8A0A821A97804700E278A0 /* Resources */,
			);
			buildRules = (
			);
			dependencies = (
				BB8A0A861A97804700E278A0 /* PBXTargetDependency */,
			);
			name = RRTagControllerTests;
			productName = RRTagControllerTests;
			productReference = BB8A0A841A97804700E278A0 /* RRTagControllerTests.xctest */;
			productType = "com.apple.product-type.bundle.unit-test";
		};
/* End PBXNativeTarget section */

/* Begin PBXProject section */
		BB8A0A671A97804600E278A0 /* Project object */ = {
			isa = PBXProject;
			attributes = {
				LastUpgradeCheck = 0610;
				ORGANIZATIONNAME = "Remi Robert";
				TargetAttributes = {
					BB8A0A6E1A97804600E278A0 = {
						CreatedOnToolsVersion = 6.1.1;
					};
					BB8A0A831A97804700E278A0 = {
						CreatedOnToolsVersion = 6.1.1;
						TestTargetID = BB8A0A6E1A97804600E278A0;
					};
				};
			};
			buildConfigurationList = BB8A0A6A1A97804600E278A0 /* Build configuration list for PBXProject "RRTagController" */;
			compatibilityVersion = "Xcode 3.2";
			developmentRegion = English;
			hasScannedForEncodings = 0;
			knownRegions = (
				en,
				Base,
			);
			mainGroup = BB8A0A661A97804600E278A0;
			productRefGroup = BB8A0A701A97804700E278A0 /* Products */;
			projectDirPath = "";
			projectRoot = "";
			targets = (
				BB8A0A6E1A97804600E278A0 /* RRTagController */,
				BB8A0A831A97804700E278A0 /* RRTagControllerTests */,
			);
		};
/* End PBXProject section */

/* Begin PBXResourcesBuildPhase section */
		BB8A0A6D1A97804600E278A0 /* Resources */ = {
			isa = PBXResourcesBuildPhase;
			buildActionMask = 2147483647;
			files = (
				BB8A0A7A1A97804700E278A0 /* Main.storyboard in Resources */,
				BB8A0A7F1A97804700E278A0 /* LaunchScreen.xib in Resources */,
				BB8A0A7C1A97804700E278A0 /* Images.xcassets in Resources */,
			);
			runOnlyForDeploymentPostprocessing = 0;
		};
		BB8A0A821A97804700E278A0 /* Resources */ = {
			isa = PBXResourcesBuildPhase;
			buildActionMask = 2147483647;
			files = (
			);
			runOnlyForDeploymentPostprocessing = 0;
		};
/* End PBXResourcesBuildPhase section */

/* Begin PBXSourcesBuildPhase section */
		BB8A0A6B1A97804600E278A0 /* Sources */ = {
			isa = PBXSourcesBuildPhase;
			buildActionMask = 2147483647;
			files = (
				BB8A0A771A97804700E278A0 /* ViewController.swift in Sources */,
				BB8A0A951A97806300E278A0 /* RRTagController.swift in Sources */,
				BB8A0A991A97E99C00E278A0 /* RRAddTagView.swift in Sources */,
				BB8A0A751A97804700E278A0 /* AppDelegate.swift in Sources */,
				BB8A0A971A9785DE00E278A0 /* RRTagCollectionViewCell.swift in Sources */,
			);
			runOnlyForDeploymentPostprocessing = 0;
		};
		BB8A0A801A97804700E278A0 /* Sources */ = {
			isa = PBXSourcesBuildPhase;
			buildActionMask = 2147483647;
			files = (
				BB8A0A8B1A97804700E278A0 /* RRTagControllerTests.swift in Sources */,
			);
			runOnlyForDeploymentPostprocessing = 0;
		};
/* End PBXSourcesBuildPhase section */

/* Begin PBXTargetDependency section */
		BB8A0A861A97804700E278A0 /* PBXTargetDependency */ = {
			isa = PBXTargetDependency;
			target = BB8A0A6E1A97804600E278A0 /* RRTagController */;
			targetProxy = BB8A0A851A97804700E278A0 /* PBXContainerItemProxy */;
		};
/* End PBXTargetDependency section */

/* Begin PBXVariantGroup section */
		BB8A0A781A97804700E278A0 /* Main.storyboard */ = {
			isa = PBXVariantGroup;
			children = (
				BB8A0A791A97804700E278A0 /* Base */,
			);
			name = Main.storyboard;
			sourceTree = "<group>";
		};
		BB8A0A7D1A97804700E278A0 /* LaunchScreen.xib */ = {
			isa = PBXVariantGroup;
			children = (
				BB8A0A7E1A97804700E278A0 /* Base */,
			);
			name = LaunchScreen.xib;
			sourceTree = "<group>";
		};
/* End PBXVariantGroup section */

/* Begin XCBuildConfiguration section */
		BB8A0A8C1A97804700E278A0 /* Debug */ = {
			isa = XCBuildConfiguration;
			buildSettings = {
				ALWAYS_SEARCH_USER_PATHS = NO;
				CLANG_CXX_LANGUAGE_STANDARD = "gnu++0x";
				CLANG_CXX_LIBRARY = "libc++";
				CLANG_ENABLE_MODULES = YES;
				CLANG_ENABLE_OBJC_ARC = YES;
				CLANG_WARN_BOOL_CONVERSION = YES;
				CLANG_WARN_CONSTANT_CONVERSION = YES;
				CLANG_WARN_DIRECT_OBJC_ISA_USAGE = YES_ERROR;
				CLANG_WARN_EMPTY_BODY = YES;
				CLANG_WARN_ENUM_CONVERSION = YES;
				CLANG_WARN_INT_CONVERSION = YES;
				CLANG_WARN_OBJC_ROOT_CLASS = YES_ERROR;
				CLANG_WARN_UNREACHABLE_CODE = YES;
				CLANG_WARN__DUPLICATE_METHOD_MATCH = YES;
				"CODE_SIGN_IDENTITY[sdk=iphoneos*]" = "iPhone Developer";
				COPY_PHASE_STRIP = NO;
				ENABLE_STRICT_OBJC_MSGSEND = YES;
				GCC_C_LANGUAGE_STANDARD = gnu99;
				GCC_DYNAMIC_NO_PIC = NO;
				GCC_OPTIMIZATION_LEVEL = 0;
				GCC_PREPROCESSOR_DEFINITIONS = (
					"DEBUG=1",
					"$(inherited)",
				);
				GCC_SYMBOLS_PRIVATE_EXTERN = NO;
				GCC_WARN_64_TO_32_BIT_CONVERSION = YES;
				GCC_WARN_ABOUT_RETURN_TYPE = YES_ERROR;
				GCC_WARN_UNDECLARED_SELECTOR = YES;
				GCC_WARN_UNINITIALIZED_AUTOS = YES_AGGRESSIVE;
				GCC_WARN_UNUSED_FUNCTION = YES;
				GCC_WARN_UNUSED_VARIABLE = YES;
				IPHONEOS_DEPLOYMENT_TARGET = 8.1;
				MTL_ENABLE_DEBUG_INFO = YES;
				ONLY_ACTIVE_ARCH = YES;
				SDKROOT = iphoneos;
				SWIFT_OPTIMIZATION_LEVEL = "-Onone";
			};
			name = Debug;
		};
		BB8A0A8D1A97804700E278A0 /* Release */ = {
			isa = XCBuildConfiguration;
			buildSettings = {
				ALWAYS_SEARCH_USER_PATHS = NO;
				CLANG_CXX_LANGUAGE_STANDARD = "gnu++0x";
				CLANG_CXX_LIBRARY = "libc++";
				CLANG_ENABLE_MODULES = YES;
				CLANG_ENABLE_OBJC_ARC = YES;
				CLANG_WARN_BOOL_CONVERSION = YES;
				CLANG_WARN_CONSTANT_CONVERSION = YES;
				CLANG_WARN_DIRECT_OBJC_ISA_USAGE = YES_ERROR;
				CLANG_WARN_EMPTY_BODY = YES;
				CLANG_WARN_ENUM_CONVERSION = YES;
				CLANG_WARN_INT_CONVERSION = YES;
				CLANG_WARN_OBJC_ROOT_CLASS = YES_ERROR;
				CLANG_WARN_UNREACHABLE_CODE = YES;
				CLANG_WARN__DUPLICATE_METHOD_MATCH = YES;
				"CODE_SIGN_IDENTITY[sdk=iphoneos*]" = "iPhone Developer";
				COPY_PHASE_STRIP = YES;
				ENABLE_NS_ASSERTIONS = NO;
				ENABLE_STRICT_OBJC_MSGSEND = YES;
				GCC_C_LANGUAGE_STANDARD = gnu99;
				GCC_WARN_64_TO_32_BIT_CONVERSION = YES;
				GCC_WARN_ABOUT_RETURN_TYPE = YES_ERROR;
				GCC_WARN_UNDECLARED_SELECTOR = YES;
				GCC_WARN_UNINITIALIZED_AUTOS = YES_AGGRESSIVE;
				GCC_WARN_UNUSED_FUNCTION = YES;
				GCC_WARN_UNUSED_VARIABLE = YES;
				IPHONEOS_DEPLOYMENT_TARGET = 8.1;
				MTL_ENABLE_DEBUG_INFO = NO;
				SDKROOT = iphoneos;
				VALIDATE_PRODUCT = YES;
			};
			name = Release;
		};
		BB8A0A8F1A97804700E278A0 /* Debug */ = {
			isa = XCBuildConfiguration;
			buildSettings = {
				ASSETCATALOG_COMPILER_APPICON_NAME = AppIcon;
				INFOPLIST_FILE = RRTagController/Info.plist;
				LD_RUNPATH_SEARCH_PATHS = "$(inherited) @executable_path/Frameworks";
				PRODUCT_NAME = "$(TARGET_NAME)";
			};
			name = Debug;
		};
		BB8A0A901A97804700E278A0 /* Release */ = {
			isa = XCBuildConfiguration;
			buildSettings = {
				ASSETCATALOG_COMPILER_APPICON_NAME = AppIcon;
				INFOPLIST_FILE = RRTagController/Info.plist;
				LD_RUNPATH_SEARCH_PATHS = "$(inherited) @executable_path/Frameworks";
				PRODUCT_NAME = "$(TARGET_NAME)";
			};
			name = Release;
		};
		BB8A0A921A97804700E278A0 /* Debug */ = {
			isa = XCBuildConfiguration;
			buildSettings = {
				BUNDLE_LOADER = "$(TEST_HOST)";
				FRAMEWORK_SEARCH_PATHS = (
					"$(SDKROOT)/Developer/Library/Frameworks",
					"$(inherited)",
				);
				GCC_PREPROCESSOR_DEFINITIONS = (
					"DEBUG=1",
					"$(inherited)",
				);
				INFOPLIST_FILE = RRTagControllerTests/Info.plist;
				LD_RUNPATH_SEARCH_PATHS = "$(inherited) @executable_path/Frameworks @loader_path/Frameworks";
				PRODUCT_NAME = "$(TARGET_NAME)";
				TEST_HOST = "$(BUILT_PRODUCTS_DIR)/RRTagController.app/RRTagController";
			};
			name = Debug;
		};
		BB8A0A931A97804700E278A0 /* Release */ = {
			isa = XCBuildConfiguration;
			buildSettings = {
				BUNDLE_LOADER = "$(TEST_HOST)";
				FRAMEWORK_SEARCH_PATHS = (
					"$(SDKROOT)/Developer/Library/Frameworks",
					"$(inherited)",
				);
				INFOPLIST_FILE = RRTagControllerTests/Info.plist;
				LD_RUNPATH_SEARCH_PATHS = "$(inherited) @executable_path/Frameworks @loader_path/Frameworks";
				PRODUCT_NAME = "$(TARGET_NAME)";
				TEST_HOST = "$(BUILT_PRODUCTS_DIR)/RRTagController.app/RRTagController";
			};
			name = Release;
		};
/* End XCBuildConfiguration section */

/* Begin XCConfigurationList section */
		BB8A0A6A1A97804600E278A0 /* Build configuration list for PBXProject "RRTagController" */ = {
			isa = XCConfigurationList;
			buildConfigurations = (
				BB8A0A8C1A97804700E278A0 /* Debug */,
				BB8A0A8D1A97804700E278A0 /* Release */,
			);
			defaultConfigurationIsVisible = 0;
			defaultConfigurationName = Release;
		};
		BB8A0A8E1A97804700E278A0 /* Build configuration list for PBXNativeTarget "RRTagController" */ = {
			isa = XCConfigurationList;
			buildConfigurations = (
				BB8A0A8F1A97804700E278A0 /* Debug */,
				BB8A0A901A97804700E278A0 /* Release */,
			);
			defaultConfigurationIsVisible = 0;
		};
		BB8A0A911A97804700E278A0 /* Build configuration list for PBXNativeTarget "RRTagControllerTests" */ = {
			isa = XCConfigurationList;
			buildConfigurations = (
				BB8A0A921A97804700E278A0 /* Debug */,
				BB8A0A931A97804700E278A0 /* Release */,
			);
			defaultConfigurationIsVisible = 0;
		};
/* End XCConfigurationList section */
	};
	rootObject = BB8A0A671A97804600E278A0 /* Project object */;
}
